
Microsoft Visual Studio Solution File, Format Version 12.00
# Visual Studio 15
VisualStudioVersion = 15.0.28307.271
MinimumVisualStudioVersion = 10.0.40219.1
Project("{FAE04EC0-301F-11D3-BF4B-00C04F79EFBC}") = "FinalDefect", "FinalDefect\FinalDefect.csproj", "{B561DF3D-C431-41D9-99B7-678AE625CA27}"
EndProject
Global
	GlobalSection(SolutionConfigurationPlatforms) = preSolution
		Debug|Any CPU = Debug|Any CPU
		Release|Any CPU = Release|Any CPU
	EndGlobalSection
	GlobalSection(ProjectConfigurationPlatforms) = postSolution
		{B561DF3D-C431-41D9-99B7-678AE625CA27}.Debug|Any CPU.ActiveCfg = Debug|Any CPU
		{B561DF3D-C431-41D9-99B7-678AE625CA27}.Debug|Any CPU.Build.0 = Debug|Any CPU
		{B561DF3D-C431-41D9-99B7-678AE625CA27}.Release|Any CPU.ActiveCfg = Release|Any CPU
		{B561DF3D-C431-41D9-99B7-678AE625CA27}.Release|Any CPU.Build.0 = Release|Any CPU
	EndGlobalSection
	GlobalSection(SolutionProperties) = preSolution
		HideSolutionNode = FALSE
	EndGlobalSection
	GlobalSection(ExtensibilityGlobals) = postSolution
		SolutionGuid = {A1837E43-4AD8-4D46-B758-4FC41622755C}
	EndGlobalSection
EndGlobal
